{
  "name": "@leavittsoftware/titanium-chip",
  "version": "1.1.0",
  "lockfileVersion": 1,
  "requires": true,
  "dependencies": {
    "@leavittsoftware/titanium-svg-button": {
      "version": "1.0.0",
      "requires": {
        "@material/mwc-ripple": "^0.3.6",
        "lit-element": "^2.1.0"
      },
      "dependencies": {
        "@material/animation": {
          "version": "0.40.1",
          "bundled": true
        },
        "@material/base": {
          "version": "0.40.1",
          "bundled": true
        },
        "@material/mwc-base": {
          "version": "0.3.6",
          "bundled": true,
          "requires": {
            "lit-element": "^2.0.0-rc.2",
            "lit-html": "^1.0.0-rc.2"
          }
        },
        "@material/mwc-ripple": {
          "version": "0.3.6",
          "bundled": true,
          "requires": {
            "@material/mwc-base": "^0.3.6",
            "@material/ripple": "^0.40.0",
            "lit-html": "^1.0.0"
          }
        },
        "@material/ripple": {
          "version": "0.40.1",
          "bundled": true,
          "requires": {
            "@material/animation": "^0.40.1",
            "@material/base": "^0.40.1",
            "@material/theme": "^0.40.1"
          }
        },
        "@material/theme": {
          "version": "0.40.1",
          "bundled": true
        },
        "lit-element": {
          "version": "2.1.0",
          "bundled": true,
          "requires": {
            "lit-html": "^1.0.0"
          }
        },
        "lit-html": {
          "version": "1.0.0",
          "bundled": true
        }
      }
    },
    "lit-element": {
      "version": "2.1.0",
      "resolved": "https://registry.npmjs.org/lit-element/-/lit-element-2.1.0.tgz",
      "integrity": "sha512-0z/KHm1xZweivfOVRr8AKR06+D3k02u15m9s4jkuRdnGe5wfmEwePzrQQBsSZNILdnfJvfo3TJOeGhBCVZaPbw==",
      "requires": {
        "lit-html": "^1.0.0"
      }
    },
    "lit-html": {
      "version": "1.0.0",
      "resolved": "https://registry.npmjs.org/lit-html/-/lit-html-1.0.0.tgz",
      "integrity": "sha512-oeWlpLmBW3gFl7979Wol2LKITpmKTUFNn7PnFbh6YNynF61W74l6x5WhwItAwPRSATpexaX1egNnRzlN4GOtfQ=="
    }
  }
}
