{
  "name": "@leavittsoftware/profile-picture",
  "version": "4.6.8",
  "lockfileVersion": 2,
  "requires": true,
  "packages": {
    "": {
      "name": "@leavittsoftware/profile-picture",
      "version": "4.6.5",
      "license": "MIT",
      "dependencies": {
        "@leavittsoftware/titanium-helpers": "^4.2.1",
        "@leavittsoftware/titanium-popup-surface": "^0.4.0",
        "@leavittsoftware/user-manager": "^9.6.0",
        "@material/mwc-button": "*",
        "tslib": "^2.3.1"
      },
      "peerDependencies": {
        "lit": ">=2.0.0"
      }
    },
    "node_modules/@leavittsoftware/lg-core-typescript": {
      "version": "2.0.406",
      "resolved": "https://registry.npmjs.org/@leavittsoftware/lg-core-typescript/-/lg-core-typescript-2.0.406.tgz",
      "integrity": "sha512-qUBHI1Qd5IYRFZGJ+lBQt2a0AZwOecsV5iFFbDrzLEUQaRpmm2bP2dPD+WsBLWQ2ihtCKAYOs2T2IstXkl9+OA=="
    },
    "node_modules/@leavittsoftware/titanium-helpers": {
      "version": "4.2.1",
      "resolved": "https://registry.npmjs.org/@leavittsoftware/titanium-helpers/-/titanium-helpers-4.2.1.tgz",
      "integrity": "sha512-C/HsWZ1A8NH+UW9Yjg0egZmul3bZ5LJTXLTu03qSekNc4+KhUmMCrpTn2MdzA0K0c3t0lb3hlDgTJhk44t/aIQ==",
      "dependencies": {
        "@leavittsoftware/lg-core-typescript": "*",
        "lit": ">=2.0.0",
        "tslib": "^1.11.1"
      }
    },
    "node_modules/@leavittsoftware/titanium-helpers/node_modules/tslib": {
      "version": "1.14.1",
      "resolved": "https://registry.npmjs.org/tslib/-/tslib-1.14.1.tgz",
      "integrity": "sha512-Xni35NKzjgMrwevysHTCArtLDpPvye8zV/0E4EyYn43P7/7qvQwPh9BGkHewbMulVntbigmcT7rdX3BNo9wRJg=="
    },
    "node_modules/@leavittsoftware/titanium-popup-surface": {
      "version": "0.4.0",
      "resolved": "https://registry.npmjs.org/@leavittsoftware/titanium-popup-surface/-/titanium-popup-surface-0.4.0.tgz",
      "integrity": "sha512-E3SOlzwRIDFgeJDndpFLFmd5P2JE04raonudm+2rpZE/+Qk1EZm3lr4mFZ/YaHi/eeW7QEjbCY+Og0/gnn4jWQ==",
      "dependencies": {
        "tslib": "^1.11.1"
      },
      "peerDependencies": {
        "lit": ">=2.0.0"
      }
    },
    "node_modules/@leavittsoftware/titanium-popup-surface/node_modules/tslib": {
      "version": "1.14.1",
      "resolved": "https://registry.npmjs.org/tslib/-/tslib-1.14.1.tgz",
      "integrity": "sha512-Xni35NKzjgMrwevysHTCArtLDpPvye8zV/0E4EyYn43P7/7qvQwPh9BGkHewbMulVntbigmcT7rdX3BNo9wRJg=="
    },
    "node_modules/@leavittsoftware/user-manager": {
      "version": "9.6.0",
      "resolved": "https://registry.npmjs.org/@leavittsoftware/user-manager/-/user-manager-9.6.0.tgz",
      "integrity": "sha512-eGGQr2nKhjIRiR4T2nHR31ILDTzE8Y59YY93SQZuofljJ9JQL0oH15r7mijvUtvMtXe2WGVAr1eUQg1KdAzfig==",
      "dependencies": {
        "@leavittsoftware/titanium-helpers": "^4.2.1",
        "jwt-decode": "^3.1.2",
        "tslib": "^1.11.1"
      },
      "peerDependencies": {
        "lit": ">=2.0.0"
      }
    },
    "node_modules/@leavittsoftware/user-manager/node_modules/tslib": {
      "version": "1.14.1",
      "resolved": "https://registry.npmjs.org/tslib/-/tslib-1.14.1.tgz",
      "integrity": "sha512-Xni35NKzjgMrwevysHTCArtLDpPvye8zV/0E4EyYn43P7/7qvQwPh9BGkHewbMulVntbigmcT7rdX3BNo9wRJg=="
    },
    "node_modules/@lit/reactive-element": {
      "version": "1.0.0-rc.4",
      "resolved": "https://registry.npmjs.org/@lit/reactive-element/-/reactive-element-1.0.0-rc.4.tgz",
      "integrity": "sha512-dJMha+4NFYdpnUJzRrWTFV5Hdp9QHWFuPnaoqonrKl4lGJVnYez9mu8ev9F/5KM47tjAjh22DuRHrdFDHfOijA=="
    },
    "node_modules/@material/animation": {
      "version": "14.0.0-canary.261f2db59.0",
      "resolved": "https://registry.npmjs.org/@material/animation/-/animation-14.0.0-canary.261f2db59.0.tgz",
      "integrity": "sha512-OjxWJYSRNs4vnPe8NclaNn+TsNc8TR/wHusGtezF5F+wl+5mh+K69BMXAmURtq3idoRg4XaOSC/Ohk1ovD1fMQ==",
      "dependencies": {
        "tslib": "^2.1.0"
      }
    },
    "node_modules/@material/base": {
      "version": "14.0.0-canary.261f2db59.0",
      "resolved": "https://registry.npmjs.org/@material/base/-/base-14.0.0-canary.261f2db59.0.tgz",
      "integrity": "sha512-vy5SQt+jcwwdRFfBvtpVdpULUBujecVUKOXcopaQoi2XIzI5EBHuR4gPN0cd1yfmVEucD6p2fvVv2FJ3Ngr61w==",
      "dependencies": {
        "tslib": "^2.1.0"
      }
    },
    "node_modules/@material/dom": {
      "version": "14.0.0-canary.261f2db59.0",
      "resolved": "https://registry.npmjs.org/@material/dom/-/dom-14.0.0-canary.261f2db59.0.tgz",
      "integrity": "sha512-iUpZG6Bb2l/PfNV2Fb/pXfG1p4Bz4PC9A7ATPlKfcU5HioObcnYVc/+Hrtaw8eu28BNIc+VVROtbfpqG/YgKSQ==",
      "dependencies": {
        "@material/feature-targeting": "14.0.0-canary.261f2db59.0",
        "tslib": "^2.1.0"
      }
    },
    "node_modules/@material/feature-targeting": {
      "version": "14.0.0-canary.261f2db59.0",
      "resolved": "https://registry.npmjs.org/@material/feature-targeting/-/feature-targeting-14.0.0-canary.261f2db59.0.tgz",
      "integrity": "sha512-CrVoGNu0ym52OPEKy3kgeNL2oSWOCBYbYxSH3GhERxCq5FwGBN+XmK/ZDLFVQlHYy3v8x4TqVEwXviCeumNTxQ==",
      "dependencies": {
        "tslib": "^2.1.0"
      }
    },
    "node_modules/@material/mwc-base": {
      "version": "0.25.3",
      "resolved": "https://registry.npmjs.org/@material/mwc-base/-/mwc-base-0.25.3.tgz",
      "integrity": "sha512-4wvxZ9dhPr0O4jjOHPmFyn77pafe+h1gHPlT9sbQ+ly8NY/fSn/TXn7/PbxgL8g4ZHxMvD3o7PJopg+6cbHp8Q==",
      "dependencies": {
        "@lit/reactive-element": "1.0.0-rc.4",
        "@material/base": "=14.0.0-canary.261f2db59.0",
        "@material/dom": "=14.0.0-canary.261f2db59.0",
        "lit": "^2.0.0",
        "tslib": "^2.0.1"
      }
    },
    "node_modules/@material/mwc-button": {
      "version": "0.25.3",
      "resolved": "https://registry.npmjs.org/@material/mwc-button/-/mwc-button-0.25.3.tgz",
      "integrity": "sha512-usHEKchj9hqetY7n0yebTz1Pk9Z+9W/sNZheFoSaiWQCv9XhtCdKkHH0MXTv8SpwxWuEKUf/XjtyvikGIcIn7w==",
      "dependencies": {
        "@material/mwc-icon": "^0.25.3",
        "@material/mwc-ripple": "^0.25.3",
        "lit": "^2.0.0",
        "tslib": "^2.0.1"
      }
    },
    "node_modules/@material/mwc-icon": {
      "version": "0.25.3",
      "resolved": "https://registry.npmjs.org/@material/mwc-icon/-/mwc-icon-0.25.3.tgz",
      "integrity": "sha512-36076AWZIRSr8qYOLjuDDkxej/HA0XAosrj7TS1ZeLlUBnLUtbDtvc1S7KSa0hqez7ouzOqGaWK24yoNnTa2OA==",
      "dependencies": {
        "lit": "^2.0.0",
        "tslib": "^2.0.1"
      }
    },
    "node_modules/@material/mwc-ripple": {
      "version": "0.25.3",
      "resolved": "https://registry.npmjs.org/@material/mwc-ripple/-/mwc-ripple-0.25.3.tgz",
      "integrity": "sha512-G/gt/csxgME6/sAku3GiuB0O2LLvoPWsRTLq/9iABpaGLJjqaKHvNg/IVzNDdF3YZT7EORgR9cBWWl7umA4i4Q==",
      "dependencies": {
        "@material/dom": "=14.0.0-canary.261f2db59.0",
        "@material/mwc-base": "^0.25.3",
        "@material/ripple": "=14.0.0-canary.261f2db59.0",
        "lit": "^2.0.0",
        "tslib": "^2.0.1"
      }
    },
    "node_modules/@material/ripple": {
      "version": "14.0.0-canary.261f2db59.0",
      "resolved": "https://registry.npmjs.org/@material/ripple/-/ripple-14.0.0-canary.261f2db59.0.tgz",
      "integrity": "sha512-3FLCLj8X7KrFfuYBHJg1b7Odb3V/AW7fxk3m1i1zhDnygKmlQ/abVucH1s2qbX3Y+JIiq+5/C5407h9BFtOf+A==",
      "dependencies": {
        "@material/animation": "14.0.0-canary.261f2db59.0",
        "@material/base": "14.0.0-canary.261f2db59.0",
        "@material/dom": "14.0.0-canary.261f2db59.0",
        "@material/feature-targeting": "14.0.0-canary.261f2db59.0",
        "@material/rtl": "14.0.0-canary.261f2db59.0",
        "@material/theme": "14.0.0-canary.261f2db59.0",
        "tslib": "^2.1.0"
      }
    },
    "node_modules/@material/rtl": {
      "version": "14.0.0-canary.261f2db59.0",
      "resolved": "https://registry.npmjs.org/@material/rtl/-/rtl-14.0.0-canary.261f2db59.0.tgz",
      "integrity": "sha512-bVnXBbUsHs57+EXdeFbcwaKy3lT/itI/qTLmJ88ar0qaGEujO1GmESHm3ioqkeo4kQpTfDhBwQGeEi1aDaTdFg==",
      "dependencies": {
        "@material/theme": "14.0.0-canary.261f2db59.0",
        "tslib": "^2.1.0"
      }
    },
    "node_modules/@material/theme": {
      "version": "14.0.0-canary.261f2db59.0",
      "resolved": "https://registry.npmjs.org/@material/theme/-/theme-14.0.0-canary.261f2db59.0.tgz",
      "integrity": "sha512-bUqyFT0QF8Nxx02fekt3CXIfC9DEPOPdo2hjgdtvhrNP+vftbkI2tKZ5/uRUnVA+zqQAOyIl5z6FOMg4fyemCA==",
      "dependencies": {
        "@material/feature-targeting": "14.0.0-canary.261f2db59.0",
        "tslib": "^2.1.0"
      }
    },
    "node_modules/@types/trusted-types": {
      "version": "2.0.2",
      "resolved": "https://registry.npmjs.org/@types/trusted-types/-/trusted-types-2.0.2.tgz",
      "integrity": "sha512-F5DIZ36YVLE+PN+Zwws4kJogq47hNgX3Nx6WyDJ3kcplxyke3XIzB8uK5n/Lpm1HBsbGzd6nmGehL8cPekP+Tg=="
    },
    "node_modules/jwt-decode": {
      "version": "3.1.2",
      "resolved": "https://registry.npmjs.org/jwt-decode/-/jwt-decode-3.1.2.tgz",
      "integrity": "sha512-UfpWE/VZn0iP50d8cz9NrZLM9lSWhcJ+0Gt/nm4by88UL+J1SiKN8/5dkjMmbEzwL2CAe+67GsegCbIKtbp75A=="
    },
    "node_modules/lit": {
      "version": "2.2.0",
      "resolved": "https://registry.npmjs.org/lit/-/lit-2.2.0.tgz",
      "integrity": "sha512-FDyxUuczo6cJJY/2Bkgfh1872U4ikUvmK1Cb6+lYC1CW+QOo8CaWXCpvPKFzYsz0ojUxoruBLVrECc7VI2f1dQ==",
      "dependencies": {
        "@lit/reactive-element": "^1.3.0",
        "lit-element": "^3.2.0",
        "lit-html": "^2.2.0"
      }
    },
    "node_modules/lit/node_modules/@lit/reactive-element": {
      "version": "1.3.0",
      "resolved": "https://registry.npmjs.org/@lit/reactive-element/-/reactive-element-1.3.0.tgz",
      "integrity": "sha512-0TKSIuJHXNLM0k98fi0AdMIdUoHIYlDHTP+0Vruc2SOs4T6vU1FinXgSvYd8mSrkt+8R+qdRAXvjpqrMXMyBgw=="
    },
    "node_modules/lit/node_modules/lit-element": {
      "version": "3.2.0",
      "resolved": "https://registry.npmjs.org/lit-element/-/lit-element-3.2.0.tgz",
      "integrity": "sha512-HbE7yt2SnUtg5DCrWt028oaU4D5F4k/1cntAFHTkzY8ZIa8N0Wmu92PxSxucsQSOXlODFrICkQ5x/tEshKi13g==",
      "dependencies": {
        "@lit/reactive-element": "^1.3.0",
        "lit-html": "^2.2.0"
      }
    },
    "node_modules/lit/node_modules/lit-html": {
      "version": "2.2.0",
      "resolved": "https://registry.npmjs.org/lit-html/-/lit-html-2.2.0.tgz",
      "integrity": "sha512-dJnevgV8VkCuOXLWrjQopDE8nSy8CzipZ/ATfYQv7z7Dct4abblcKecf50gkIScuwCTzKvRLgvTgV0zzagW4gA==",
      "dependencies": {
        "@types/trusted-types": "^2.0.2"
      }
    },
    "node_modules/tslib": {
      "version": "2.3.1",
      "resolved": "https://registry.npmjs.org/tslib/-/tslib-2.3.1.tgz",
      "integrity": "sha512-77EbyPPpMz+FRFRuAFlWMtmgUWGe9UOG2Z25NqCwiIjRhOf5iKGuzSe5P2w1laq+FkRy4p+PCuVkJSGkzTEKVw=="
    }
  },
  "dependencies": {
    "@leavittsoftware/lg-core-typescript": {
      "version": "2.0.406",
      "resolved": "https://registry.npmjs.org/@leavittsoftware/lg-core-typescript/-/lg-core-typescript-2.0.406.tgz",
      "integrity": "sha512-qUBHI1Qd5IYRFZGJ+lBQt2a0AZwOecsV5iFFbDrzLEUQaRpmm2bP2dPD+WsBLWQ2ihtCKAYOs2T2IstXkl9+OA=="
    },
    "@leavittsoftware/titanium-helpers": {
      "version": "4.2.1",
      "resolved": "https://registry.npmjs.org/@leavittsoftware/titanium-helpers/-/titanium-helpers-4.2.1.tgz",
      "integrity": "sha512-C/HsWZ1A8NH+UW9Yjg0egZmul3bZ5LJTXLTu03qSekNc4+KhUmMCrpTn2MdzA0K0c3t0lb3hlDgTJhk44t/aIQ==",
      "requires": {
        "@leavittsoftware/lg-core-typescript": "*",
        "lit": ">=2.0.0",
        "tslib": "^1.11.1"
      },
      "dependencies": {
        "tslib": {
          "version": "1.14.1",
          "resolved": "https://registry.npmjs.org/tslib/-/tslib-1.14.1.tgz",
          "integrity": "sha512-Xni35NKzjgMrwevysHTCArtLDpPvye8zV/0E4EyYn43P7/7qvQwPh9BGkHewbMulVntbigmcT7rdX3BNo9wRJg=="
        }
      }
    },
    "@leavittsoftware/titanium-popup-surface": {
      "version": "0.4.0",
      "resolved": "https://registry.npmjs.org/@leavittsoftware/titanium-popup-surface/-/titanium-popup-surface-0.4.0.tgz",
      "integrity": "sha512-E3SOlzwRIDFgeJDndpFLFmd5P2JE04raonudm+2rpZE/+Qk1EZm3lr4mFZ/YaHi/eeW7QEjbCY+Og0/gnn4jWQ==",
      "requires": {
        "tslib": "^1.11.1"
      },
      "dependencies": {
        "tslib": {
          "version": "1.14.1",
          "resolved": "https://registry.npmjs.org/tslib/-/tslib-1.14.1.tgz",
          "integrity": "sha512-Xni35NKzjgMrwevysHTCArtLDpPvye8zV/0E4EyYn43P7/7qvQwPh9BGkHewbMulVntbigmcT7rdX3BNo9wRJg=="
        }
      }
    },
    "@leavittsoftware/user-manager": {
      "version": "9.6.0",
      "resolved": "https://registry.npmjs.org/@leavittsoftware/user-manager/-/user-manager-9.6.0.tgz",
      "integrity": "sha512-eGGQr2nKhjIRiR4T2nHR31ILDTzE8Y59YY93SQZuofljJ9JQL0oH15r7mijvUtvMtXe2WGVAr1eUQg1KdAzfig==",
      "requires": {
        "@leavittsoftware/titanium-helpers": "^4.2.1",
        "jwt-decode": "^3.1.2",
        "tslib": "^1.11.1"
      },
      "dependencies": {
        "tslib": {
          "version": "1.14.1",
          "resolved": "https://registry.npmjs.org/tslib/-/tslib-1.14.1.tgz",
          "integrity": "sha512-Xni35NKzjgMrwevysHTCArtLDpPvye8zV/0E4EyYn43P7/7qvQwPh9BGkHewbMulVntbigmcT7rdX3BNo9wRJg=="
        }
      }
    },
    "@lit/reactive-element": {
      "version": "1.0.0-rc.4",
      "resolved": "https://registry.npmjs.org/@lit/reactive-element/-/reactive-element-1.0.0-rc.4.tgz",
      "integrity": "sha512-dJMha+4NFYdpnUJzRrWTFV5Hdp9QHWFuPnaoqonrKl4lGJVnYez9mu8ev9F/5KM47tjAjh22DuRHrdFDHfOijA=="
    },
    "@material/animation": {
      "version": "14.0.0-canary.261f2db59.0",
      "resolved": "https://registry.npmjs.org/@material/animation/-/animation-14.0.0-canary.261f2db59.0.tgz",
      "integrity": "sha512-OjxWJYSRNs4vnPe8NclaNn+TsNc8TR/wHusGtezF5F+wl+5mh+K69BMXAmURtq3idoRg4XaOSC/Ohk1ovD1fMQ==",
      "requires": {
        "tslib": "^2.1.0"
      }
    },
    "@material/base": {
      "version": "14.0.0-canary.261f2db59.0",
      "resolved": "https://registry.npmjs.org/@material/base/-/base-14.0.0-canary.261f2db59.0.tgz",
      "integrity": "sha512-vy5SQt+jcwwdRFfBvtpVdpULUBujecVUKOXcopaQoi2XIzI5EBHuR4gPN0cd1yfmVEucD6p2fvVv2FJ3Ngr61w==",
      "requires": {
        "tslib": "^2.1.0"
      }
    },
    "@material/dom": {
      "version": "14.0.0-canary.261f2db59.0",
      "resolved": "https://registry.npmjs.org/@material/dom/-/dom-14.0.0-canary.261f2db59.0.tgz",
      "integrity": "sha512-iUpZG6Bb2l/PfNV2Fb/pXfG1p4Bz4PC9A7ATPlKfcU5HioObcnYVc/+Hrtaw8eu28BNIc+VVROtbfpqG/YgKSQ==",
      "requires": {
        "@material/feature-targeting": "14.0.0-canary.261f2db59.0",
        "tslib": "^2.1.0"
      }
    },
    "@material/feature-targeting": {
      "version": "14.0.0-canary.261f2db59.0",
      "resolved": "https://registry.npmjs.org/@material/feature-targeting/-/feature-targeting-14.0.0-canary.261f2db59.0.tgz",
      "integrity": "sha512-CrVoGNu0ym52OPEKy3kgeNL2oSWOCBYbYxSH3GhERxCq5FwGBN+XmK/ZDLFVQlHYy3v8x4TqVEwXviCeumNTxQ==",
      "requires": {
        "tslib": "^2.1.0"
      }
    },
    "@material/mwc-base": {
      "version": "0.25.3",
      "resolved": "https://registry.npmjs.org/@material/mwc-base/-/mwc-base-0.25.3.tgz",
      "integrity": "sha512-4wvxZ9dhPr0O4jjOHPmFyn77pafe+h1gHPlT9sbQ+ly8NY/fSn/TXn7/PbxgL8g4ZHxMvD3o7PJopg+6cbHp8Q==",
      "requires": {
        "@lit/reactive-element": "1.0.0-rc.4",
        "@material/base": "=14.0.0-canary.261f2db59.0",
        "@material/dom": "=14.0.0-canary.261f2db59.0",
        "lit": "^2.0.0",
        "tslib": "^2.0.1"
      }
    },
    "@material/mwc-button": {
      "version": "0.25.3",
      "resolved": "https://registry.npmjs.org/@material/mwc-button/-/mwc-button-0.25.3.tgz",
      "integrity": "sha512-usHEKchj9hqetY7n0yebTz1Pk9Z+9W/sNZheFoSaiWQCv9XhtCdKkHH0MXTv8SpwxWuEKUf/XjtyvikGIcIn7w==",
      "requires": {
        "@material/mwc-icon": "^0.25.3",
        "@material/mwc-ripple": "^0.25.3",
        "lit": "^2.0.0",
        "tslib": "^2.0.1"
      }
    },
    "@material/mwc-icon": {
      "version": "0.25.3",
      "resolved": "https://registry.npmjs.org/@material/mwc-icon/-/mwc-icon-0.25.3.tgz",
      "integrity": "sha512-36076AWZIRSr8qYOLjuDDkxej/HA0XAosrj7TS1ZeLlUBnLUtbDtvc1S7KSa0hqez7ouzOqGaWK24yoNnTa2OA==",
      "requires": {
        "lit": "^2.0.0",
        "tslib": "^2.0.1"
      }
    },
    "@material/mwc-ripple": {
      "version": "0.25.3",
      "resolved": "https://registry.npmjs.org/@material/mwc-ripple/-/mwc-ripple-0.25.3.tgz",
      "integrity": "sha512-G/gt/csxgME6/sAku3GiuB0O2LLvoPWsRTLq/9iABpaGLJjqaKHvNg/IVzNDdF3YZT7EORgR9cBWWl7umA4i4Q==",
      "requires": {
        "@material/dom": "=14.0.0-canary.261f2db59.0",
        "@material/mwc-base": "^0.25.3",
        "@material/ripple": "=14.0.0-canary.261f2db59.0",
        "lit": "^2.0.0",
        "tslib": "^2.0.1"
      }
    },
    "@material/ripple": {
      "version": "14.0.0-canary.261f2db59.0",
      "resolved": "https://registry.npmjs.org/@material/ripple/-/ripple-14.0.0-canary.261f2db59.0.tgz",
      "integrity": "sha512-3FLCLj8X7KrFfuYBHJg1b7Odb3V/AW7fxk3m1i1zhDnygKmlQ/abVucH1s2qbX3Y+JIiq+5/C5407h9BFtOf+A==",
      "requires": {
        "@material/animation": "14.0.0-canary.261f2db59.0",
        "@material/base": "14.0.0-canary.261f2db59.0",
        "@material/dom": "14.0.0-canary.261f2db59.0",
        "@material/feature-targeting": "14.0.0-canary.261f2db59.0",
        "@material/rtl": "14.0.0-canary.261f2db59.0",
        "@material/theme": "14.0.0-canary.261f2db59.0",
        "tslib": "^2.1.0"
      }
    },
    "@material/rtl": {
      "version": "14.0.0-canary.261f2db59.0",
      "resolved": "https://registry.npmjs.org/@material/rtl/-/rtl-14.0.0-canary.261f2db59.0.tgz",
      "integrity": "sha512-bVnXBbUsHs57+EXdeFbcwaKy3lT/itI/qTLmJ88ar0qaGEujO1GmESHm3ioqkeo4kQpTfDhBwQGeEi1aDaTdFg==",
      "requires": {
        "@material/theme": "14.0.0-canary.261f2db59.0",
        "tslib": "^2.1.0"
      }
    },
    "@material/theme": {
      "version": "14.0.0-canary.261f2db59.0",
      "resolved": "https://registry.npmjs.org/@material/theme/-/theme-14.0.0-canary.261f2db59.0.tgz",
      "integrity": "sha512-bUqyFT0QF8Nxx02fekt3CXIfC9DEPOPdo2hjgdtvhrNP+vftbkI2tKZ5/uRUnVA+zqQAOyIl5z6FOMg4fyemCA==",
      "requires": {
        "@material/feature-targeting": "14.0.0-canary.261f2db59.0",
        "tslib": "^2.1.0"
      }
    },
    "@types/trusted-types": {
      "version": "2.0.2",
      "resolved": "https://registry.npmjs.org/@types/trusted-types/-/trusted-types-2.0.2.tgz",
      "integrity": "sha512-F5DIZ36YVLE+PN+Zwws4kJogq47hNgX3Nx6WyDJ3kcplxyke3XIzB8uK5n/Lpm1HBsbGzd6nmGehL8cPekP+Tg=="
    },
    "jwt-decode": {
      "version": "3.1.2",
      "resolved": "https://registry.npmjs.org/jwt-decode/-/jwt-decode-3.1.2.tgz",
      "integrity": "sha512-UfpWE/VZn0iP50d8cz9NrZLM9lSWhcJ+0Gt/nm4by88UL+J1SiKN8/5dkjMmbEzwL2CAe+67GsegCbIKtbp75A=="
    },
    "lit": {
      "version": "2.2.0",
      "resolved": "https://registry.npmjs.org/lit/-/lit-2.2.0.tgz",
      "integrity": "sha512-FDyxUuczo6cJJY/2Bkgfh1872U4ikUvmK1Cb6+lYC1CW+QOo8CaWXCpvPKFzYsz0ojUxoruBLVrECc7VI2f1dQ==",
      "requires": {
        "@lit/reactive-element": "^1.3.0",
        "lit-element": "^3.2.0",
        "lit-html": "^2.2.0"
      },
      "dependencies": {
        "@lit/reactive-element": {
          "version": "1.3.0",
          "resolved": "https://registry.npmjs.org/@lit/reactive-element/-/reactive-element-1.3.0.tgz",
          "integrity": "sha512-0TKSIuJHXNLM0k98fi0AdMIdUoHIYlDHTP+0Vruc2SOs4T6vU1FinXgSvYd8mSrkt+8R+qdRAXvjpqrMXMyBgw=="
        },
        "lit-element": {
          "version": "3.2.0",
          "resolved": "https://registry.npmjs.org/lit-element/-/lit-element-3.2.0.tgz",
          "integrity": "sha512-HbE7yt2SnUtg5DCrWt028oaU4D5F4k/1cntAFHTkzY8ZIa8N0Wmu92PxSxucsQSOXlODFrICkQ5x/tEshKi13g==",
          "requires": {
            "@lit/reactive-element": "^1.3.0",
            "lit-html": "^2.2.0"
          }
        },
        "lit-html": {
          "version": "2.2.0",
          "resolved": "https://registry.npmjs.org/lit-html/-/lit-html-2.2.0.tgz",
          "integrity": "sha512-dJnevgV8VkCuOXLWrjQopDE8nSy8CzipZ/ATfYQv7z7Dct4abblcKecf50gkIScuwCTzKvRLgvTgV0zzagW4gA==",
          "requires": {
            "@types/trusted-types": "^2.0.2"
          }
        }
      }
    },
    "tslib": {
      "version": "2.3.1",
      "resolved": "https://registry.npmjs.org/tslib/-/tslib-2.3.1.tgz",
      "integrity": "sha512-77EbyPPpMz+FRFRuAFlWMtmgUWGe9UOG2Z25NqCwiIjRhOf5iKGuzSe5P2w1laq+FkRy4p+PCuVkJSGkzTEKVw=="
    }
  }
}
