{
	"name": "@leavittsoftware/titanium-sw-notifier",
	"version": "0.0.1",
	"lockfileVersion": 1,
	"requires": true,
	"dependencies": {
		"@polymer/decorators": {
			"version": "3.0.0",
			"resolved": "https://registry.npmjs.org/@polymer/decorators/-/decorators-3.0.0.tgz",
			"integrity": "sha512-qh+VID9nDV9q3ABvIfWgm7/+udl7v2HKsMLPXFm8tj1fI7qr7yWJMFwS3xWBkMmuNPtmkS8MDP0vqLAQIEOWzg==",
			"requires": {
				"@polymer/polymer": "3.0.5"
			}
		},
		"@polymer/polymer": {
			"version": "3.0.5",
			"resolved": "https://registry.npmjs.org/@polymer/polymer/-/polymer-3.0.5.tgz",
			"integrity": "sha512-Zbmhtr5vZ3NoHWwFYLKI4ff7yfE6DZopI8vaS7HvmUIuNqsv/EpEDXfNEYjqePQmkMX5LU9OIKV1eX/+9aveow==",
			"requires": {
				"@webcomponents/shadycss": "1.5.2"
			}
		},
		"@webcomponents/shadycss": {
			"version": "1.5.2",
			"resolved": "https://registry.npmjs.org/@webcomponents/shadycss/-/shadycss-1.5.2.tgz",
			"integrity": "sha512-0OyrmVc7S+INtzoqP2ofAo+OdVn2Nj0Qvq4wD9FEGN7nMmLRxaD2mzy6hD6EslzxUSuGH302CDU4KXiY66SEqg=="
		}
	}
}
