{
  "name": "@leavittsoftware/api-service",
  "version": "3.0.0",
  "lockfileVersion": 1,
  "requires": true,
  "dependencies": {
    "@leavittsoftware/titanium-helpers": {
      "version": "1.0.0"
    },
    "@leavittsoftware/user-manager": {
      "version": "8.1.0",
      "requires": {
        "@leavittsoftware/titanium-helpers": "^1.0.0",
        "jwt-decode": "^2.2.0",
        "lit-element": "^2.0.1"
      },
      "dependencies": {
        "@leavittsoftware/titanium-helpers": {
          "version": "1.0.0",
          "bundled": true
        },
        "jwt-decode": {
          "version": "2.2.0",
          "bundled": true
        },
        "lit-element": {
          "version": "2.1.0",
          "bundled": true,
          "requires": {
            "lit-html": "^1.0.0"
          }
        },
        "lit-html": {
          "version": "1.0.0",
          "bundled": true
        }
      }
    },
    "lit-element": {
      "version": "2.1.0",
      "resolved": "https://registry.npmjs.org/lit-element/-/lit-element-2.1.0.tgz",
      "integrity": "sha512-0z/KHm1xZweivfOVRr8AKR06+D3k02u15m9s4jkuRdnGe5wfmEwePzrQQBsSZNILdnfJvfo3TJOeGhBCVZaPbw==",
      "requires": {
        "lit-html": "^1.0.0"
      }
    },
    "lit-html": {
      "version": "1.0.0",
      "resolved": "https://registry.npmjs.org/lit-html/-/lit-html-1.0.0.tgz",
      "integrity": "sha512-oeWlpLmBW3gFl7979Wol2LKITpmKTUFNn7PnFbh6YNynF61W74l6x5WhwItAwPRSATpexaX1egNnRzlN4GOtfQ=="
    }
  }
}
