{
  "name": "@leavittsoftware/titanium-svg-button",
  "version": "1.0.0",
  "lockfileVersion": 1,
  "requires": true,
  "dependencies": {
    "@material/animation": {
      "version": "0.40.1",
      "resolved": "https://registry.npmjs.org/@material/animation/-/animation-0.40.1.tgz",
      "integrity": "sha512-HtxFUw04EHg4S6pXfTA3Z0wKxnNDNcDhe1Np2Y2geo+lAk2Hb7m8yCL/GaL9o2I/eRYsgUXC0U7+Mk74GCz3zw=="
    },
    "@material/base": {
      "version": "0.40.1",
      "resolved": "https://registry.npmjs.org/@material/base/-/base-0.40.1.tgz",
      "integrity": "sha512-vrbOK8hONVCYgURQ9h7nkXvMdYnZVVNmAfFFijF8fbWQdwnoPcNTdqV6RoQlhBEqHYHQqLNfdUDlznAPKLclGQ=="
    },
    "@material/mwc-base": {
      "version": "0.3.6",
      "resolved": "https://registry.npmjs.org/@material/mwc-base/-/mwc-base-0.3.6.tgz",
      "integrity": "sha512-DVwsTJYCMSgIXzh7yGdn0CW11qz7/QaimPGbQ1jo4zyV/aizbetpKwFlkJj9Ut45/cCqZMlXIU2valjoO0dU8g==",
      "requires": {
        "lit-element": "^2.0.0-rc.2",
        "lit-html": "^1.0.0-rc.2"
      }
    },
    "@material/mwc-ripple": {
      "version": "0.3.6",
      "resolved": "https://registry.npmjs.org/@material/mwc-ripple/-/mwc-ripple-0.3.6.tgz",
      "integrity": "sha512-fCqIoHX5M7qW2iOitEIlJF0TBl1IhzHpXb1lroXBv1JlGGYWWSd5m+v7ZSJU3Apc8s/IkPsDDCk1vSHv6VyOwA==",
      "requires": {
        "@material/mwc-base": "^0.3.6",
        "@material/ripple": "^0.40.0",
        "lit-html": "^1.0.0"
      }
    },
    "@material/ripple": {
      "version": "0.40.1",
      "resolved": "https://registry.npmjs.org/@material/ripple/-/ripple-0.40.1.tgz",
      "integrity": "sha512-sndeTS4VHa0v1UGj7MNcxMCuO9LJ1DjoL1EjE6BH3Lm3M1MnXJHdsBo2CgPbU/FI84tt6+eyHGOYPdPrEDJhCA==",
      "requires": {
        "@material/animation": "^0.40.1",
        "@material/base": "^0.40.1",
        "@material/theme": "^0.40.1"
      }
    },
    "@material/theme": {
      "version": "0.40.1",
      "resolved": "https://registry.npmjs.org/@material/theme/-/theme-0.40.1.tgz",
      "integrity": "sha512-cH1CsGIDisEQ2oroZhLTypV0Ir00x3WIwFXnPo7qv3832tuIDkZY623U3rUax6KNPz4Hh1j0tNpTwgrNZwvwWA=="
    },
    "lit-element": {
      "version": "2.1.0",
      "resolved": "https://registry.npmjs.org/lit-element/-/lit-element-2.1.0.tgz",
      "integrity": "sha512-0z/KHm1xZweivfOVRr8AKR06+D3k02u15m9s4jkuRdnGe5wfmEwePzrQQBsSZNILdnfJvfo3TJOeGhBCVZaPbw==",
      "requires": {
        "lit-html": "^1.0.0"
      }
    },
    "lit-html": {
      "version": "1.0.0",
      "resolved": "https://registry.npmjs.org/lit-html/-/lit-html-1.0.0.tgz",
      "integrity": "sha512-oeWlpLmBW3gFl7979Wol2LKITpmKTUFNn7PnFbh6YNynF61W74l6x5WhwItAwPRSATpexaX1egNnRzlN4GOtfQ=="
    }
  }
}
